// !$*UTF8*$!
{
	archiveVersion = 1;
	classes = {
	};
	objectVersion = 77;
	objects = {

/* Begin PBXBuildFile section */
		5B7C9A152DF0D4C00078ACF9 /* AWSCore in Frameworks */ = {isa = PBXBuildFile; productRef = 5B7C9A142DF0D4C00078ACF9 /* AWSCore */; };
		5B7C9A172DF0D4C00078ACF9 /* AWSS3 in Frameworks */ = {isa = PBXBuildFile; productRef = 5B7C9A162DF0D4C00078ACF9 /* AWSS3 */; };
/* End PBXBuildFile section */

/* Begin PBXContainerItemProxy section */
		5B83F0582DEC25CE00422A50 /* PBXContainerItemProxy */ = {
			isa = PBXContainerItemProxy;
			containerPortal = 5B83F03C2DEC25CB00422A50 /* Project object */;
			proxyType = 1;
			remoteGlobalIDString = 5B83F0432DEC25CB00422A50;
			remoteInfo = TravelGPT;
		};
		5B83F0622DEC25CE00422A50 /* PBXContainerItemProxy */ = {
			isa = PBXContainerItemProxy;
			containerPortal = 5B83F03C2DEC25CB00422A50 /* Project object */;
			proxyType = 1;
			remoteGlobalIDString = 5B83F0432DEC25CB00422A50;
			remoteInfo = TravelGPT;
		};
/* End PBXContainerItemProxy section */

/* Begin PBXFileReference section */
		5B83F0442DEC25CB00422A50 /* TravelGPT.app */ = {isa = PBXFileReference; explicitFileType = wrapper.application; includeInIndex = 0; path = TravelGPT.app; sourceTree = BUILT_PRODUCTS_DIR; };
		5B83F0572DEC25CE00422A50 /* TravelGPTTests.xctest */ = {isa = PBXFileReference; explicitFileType = wrapper.cfbundle; includeInIndex = 0; path = TravelGPTTests.xctest; sourceTree = BUILT_PRODUCTS_DIR; };
		5B83F0612DEC25CE00422A50 /* TravelGPTUITests.xctest */ = {isa = PBXFileReference; explicitFileType = wrapper.cfbundle; includeInIndex = 0; path = TravelGPTUITests.xctest; sourceTree = BUILT_PRODUCTS_DIR; };
/* End PBXFileReference section */

/* Begin PBXFileSystemSynchronizedRootGroup section */
		5B83F0462DEC25CB00422A50 /* TravelGPT */ = {
			isa = PBXFileSystemSynchronizedRootGroup;
			path = TravelGPT;
			sourceTree = "<group>";
		};
		5B83F05A2DEC25CE00422A50 /* TravelGPTTests */ = {
			isa = PBXFileSystemSynchronizedRootGroup;
			path = TravelGPTTests;
			sourceTree = "<group>";
		};
		5B83F0642DEC25CE00422A50 /* TravelGPTUITests */ = {
			isa = PBXFileSystemSynchronizedRootGroup;
			path = TravelGPTUITests;
			sourceTree = "<group>";
		};
/* End PBXFileSystemSynchronizedRootGroup section */

/* Begin PBXFrameworksBuildPhase section */
		5B83F0412DEC25CB00422A50 /* Frameworks */ = {
			isa = PBXFrameworksBuildPhase;
			buildActionMask = 2147483647;
			files = (
				5B7C9A172DF0D4C00078ACF9 /* AWSS3 in Frameworks */,
				5B7C9A152DF0D4C00078ACF9 /* AWSCore in Frameworks */,
			);
			runOnlyForDeploymentPostprocessing = 0;
		};
		5B83F0542DEC25CE00422A50 /* Frameworks */ = {
			isa = PBXFrameworksBuildPhase;
			buildActionMask = 2147483647;
			files = (
			);
			runOnlyForDeploymentPostprocessing = 0;
		};
		5B83F05E2DEC25CE00422A50 /* Frameworks */ = {
			isa = PBXFrameworksBuildPhase;
			buildActionMask = 2147483647;
			files = (
			);
			runOnlyForDeploymentPostprocessing = 0;
		};
/* End PBXFrameworksBuildPhase section */

/* Begin PBXGroup section */
		5B83F03B2DEC25CB00422A50 = {
			isa = PBXGroup;
			children = (
				5B83F0462DEC25CB00422A50 /* TravelGPT */,
				5B83F05A2DEC25CE00422A50 /* TravelGPTTests */,
				5B83F0642DEC25CE00422A50 /* TravelGPTUITests */,
				5B83F0452DEC25CB00422A50 /* Products */,
			);
			sourceTree = "<group>";
		};
		5B83F0452DEC25CB00422A50 /* Products */ = {
			isa = PBXGroup;
			children = (
				5B83F0442DEC25CB00422A50 /* TravelGPT.app */,
				5B83F0572DEC25CE00422A50 /* TravelGPTTests.xctest */,
				5B83F0612DEC25CE00422A50 /* TravelGPTUITests.xctest */,
			);
			name = Products;
			sourceTree = "<group>";
		};
/* End PBXGroup section */

/* Begin PBXNativeTarget section */
		5B83F0432DEC25CB00422A50 /* TravelGPT */ = {
			isa = PBXNativeTarget;
			buildConfigurationList = 5B83F06B2DEC25CE00422A50 /* Build configuration list for PBXNativeTarget "TravelGPT" */;
			buildPhases = (
				5B83F0402DEC25CB00422A50 /* Sources */,
				5B83F0412DEC25CB00422A50 /* Frameworks */,
				5B83F0422DEC25CB00422A50 /* Resources */,
			);
			buildRules = (
			);
			dependencies = (
			);
			fileSystemSynchronizedGroups = (
				5B83F0462DEC25CB00422A50 /* TravelGPT */,
			);
			name = TravelGPT;
			packageProductDependencies = (
				5B7C9A142DF0D4C00078ACF9 /* AWSCore */,
				5B7C9A162DF0D4C00078ACF9 /* AWSS3 */,
			);
			productName = TravelGPT;
			productReference = 5B83F0442DEC25CB00422A50 /* TravelGPT.app */;
			productType = "com.apple.product-type.application";
		};
		5B83F0562DEC25CE00422A50 /* TravelGPTTests */ = {
			isa = PBXNativeTarget;
			buildConfigurationList = 5B83F06E2DEC25CE00422A50 /* Build configuration list for PBXNativeTarget "TravelGPTTests" */;
			buildPhases = (
				5B83F0532DEC25CE00422A50 /* Sources */,
				5B83F0542DEC25CE00422A50 /* Frameworks */,
				5B83F0552DEC25CE00422A50 /* Resources */,
			);
			buildRules = (
			);
			dependencies = (
				5B83F0592DEC25CE00422A50 /* PBXTargetDependency */,
			);
			fileSystemSynchronizedGroups = (
				5B83F05A2DEC25CE00422A50 /* TravelGPTTests */,
			);
			name = TravelGPTTests;
			packageProductDependencies = (
			);
			productName = TravelGPTTests;
			productReference = 5B83F0572DEC25CE00422A50 /* TravelGPTTests.xctest */;
			productType = "com.apple.product-type.bundle.unit-test";
		};
		5B83F0602DEC25CE00422A50 /* TravelGPTUITests */ = {
			isa = PBXNativeTarget;
			buildConfigurationList = 5B83F0712DEC25CE00422A50 /* Build configuration list for PBXNativeTarget "TravelGPTUITests" */;
			buildPhases = (
				5B83F05D2DEC25CE00422A50 /* Sources */,
				5B83F05E2DEC25CE00422A50 /* Frameworks */,
				5B83F05F2DEC25CE00422A50 /* Resources */,
			);
			buildRules = (
			);
			dependencies = (
				5B83F0632DEC25CE00422A50 /* PBXTargetDependency */,
			);
			fileSystemSynchronizedGroups = (
				5B83F0642DEC25CE00422A50 /* TravelGPTUITests */,
			);
			name = TravelGPTUITests;
			packageProductDependencies = (
			);
			productName = TravelGPTUITests;
			productReference = 5B83F0612DEC25CE00422A50 /* TravelGPTUITests.xctest */;
			productType = "com.apple.product-type.bundle.ui-testing";
		};
/* End PBXNativeTarget section */

/* Begin PBXProject section */
		5B83F03C2DEC25CB00422A50 /* Project object */ = {
			isa = PBXProject;
			attributes = {
				BuildIndependentTargetsInParallel = 1;
				LastSwiftUpdateCheck = 1620;
				LastUpgradeCheck = 1620;
				TargetAttributes = {
					5B83F0432DEC25CB00422A50 = {
						CreatedOnToolsVersion = 16.2;
					};
					5B83F0562DEC25CE00422A50 = {
						CreatedOnToolsVersion = 16.2;
						TestTargetID = 5B83F0432DEC25CB00422A50;
					};
					5B83F0602DEC25CE00422A50 = {
						CreatedOnToolsVersion = 16.2;
						TestTargetID = 5B83F0432DEC25CB00422A50;
					};
				};
			};
			buildConfigurationList = 5B83F03F2DEC25CB00422A50 /* Build configuration list for PBXProject "TravelGPT" */;
			developmentRegion = en;
			hasScannedForEncodings = 0;
			knownRegions = (
				en,
				Base,
			);
			mainGroup = 5B83F03B2DEC25CB00422A50;
			minimizedProjectReferenceProxies = 1;
			packageReferences = (
				5B7C9A132DF0D4C00078ACF9 /* XCRemoteSwiftPackageReference "aws-sdk-ios-spm" */,
			);
			preferredProjectObjectVersion = 77;
			productRefGroup = 5B83F0452DEC25CB00422A50 /* Products */;
			projectDirPath = "";
			projectRoot = "";
			targets = (
				5B83F0432DEC25CB00422A50 /* TravelGPT */,
				5B83F0562DEC25CE00422A50 /* TravelGPTTests */,
				5B83F0602DEC25CE00422A50 /* TravelGPTUITests */,
			);
		};
/* End PBXProject section */

/* Begin PBXResourcesBuildPhase section */
		5B83F0422DEC25CB00422A50 /* Resources */ = {
			isa = PBXResourcesBuildPhase;
			buildActionMask = 2147483647;
			files = (
			);
			runOnlyForDeploymentPostprocessing = 0;
		};
		5B83F0552DEC25CE00422A50 /* Resources */ = {
			isa = PBXResourcesBuildPhase;
			buildActionMask = 2147483647;
			files = (
			);
			runOnlyForDeploymentPostprocessing = 0;
		};
		5B83F05F2DEC25CE00422A50 /* Resources */ = {
			isa = PBXResourcesBuildPhase;
			buildActionMask = 2147483647;
			files = (
			);
			runOnlyForDeploymentPostprocessing = 0;
		};
/* End PBXResourcesBuildPhase section */

/* Begin PBXSourcesBuildPhase section */
		5B83F0402DEC25CB00422A50 /* Sources */ = {
			isa = PBXSourcesBuildPhase;
			buildActionMask = 2147483647;
			files = (
			);
			runOnlyForDeploymentPostprocessing = 0;
		};
		5B83F0532DEC25CE00422A50 /* Sources */ = {
			isa = PBXSourcesBuildPhase;
			buildActionMask = 2147483647;
			files = (
			);
			runOnlyForDeploymentPostprocessing = 0;
		};
		5B83F05D2DEC25CE00422A50 /* Sources */ = {
			isa = PBXSourcesBuildPhase;
			buildActionMask = 2147483647;
			files = (
			);
			runOnlyForDeploymentPostprocessing = 0;
		};
/* End PBXSourcesBuildPhase section */

/* Begin PBXTargetDependency section */
		5B83F0592DEC25CE00422A50 /* PBXTargetDependency */ = {
			isa = PBXTargetDependency;
			target = 5B83F0432DEC25CB00422A50 /* TravelGPT */;
			targetProxy = 5B83F0582DEC25CE00422A50 /* PBXContainerItemProxy */;
		};
		5B83F0632DEC25CE00422A50 /* PBXTargetDependency */ = {
			isa = PBXTargetDependency;
			target = 5B83F0432DEC25CB00422A50 /* TravelGPT */;
			targetProxy = 5B83F0622DEC25CE00422A50 /* PBXContainerItemProxy */;
		};
/* End PBXTargetDependency section */

/* Begin XCBuildConfiguration section */
		5B83F0692DEC25CE00422A50 /* Debug */ = {
			isa = XCBuildConfiguration;
			buildSettings = {
				ALWAYS_SEARCH_USER_PATHS = NO;
				ASSETCATALOG_COMPILER_GENERATE_SWIFT_ASSET_SYMBOL_EXTENSIONS = YES;
				CLANG_ANALYZER_NONNULL = YES;
				CLANG_ANALYZER_NUMBER_OBJECT_CONVERSION = YES_AGGRESSIVE;
				CLANG_CXX_LANGUAGE_STANDARD = "gnu++20";
				CLANG_ENABLE_MODULES = YES;
				CLANG_ENABLE_OBJC_ARC = YES;
				CLANG_ENABLE_OBJC_WEAK = YES;
				CLANG_WARN_BLOCK_CAPTURE_AUTORELEASING = YES;
				CLANG_WARN_BOOL_CONVERSION = YES;
				CLANG_WARN_COMMA = YES;
				CLANG_WARN_CONSTANT_CONVERSION = YES;
				CLANG_WARN_DEPRECATED_OBJC_IMPLEMENTATIONS = YES;
				CLANG_WARN_DIRECT_OBJC_ISA_USAGE = YES_ERROR;
				CLANG_WARN_DOCUMENTATION_COMMENTS = YES;
				CLANG_WARN_EMPTY_BODY = YES;
				CLANG_WARN_ENUM_CONVERSION = YES;
				CLANG_WARN_INFINITE_RECURSION = YES;
				CLANG_WARN_INT_CONVERSION = YES;
				CLANG_WARN_NON_LITERAL_NULL_CONVERSION = YES;
				CLANG_WARN_OBJC_IMPLICIT_RETAIN_SELF = YES;
				CLANG_WARN_OBJC_LITERAL_CONVERSION = YES;
				CLANG_WARN_OBJC_ROOT_CLASS = YES_ERROR;
				CLANG_WARN_QUOTED_INCLUDE_IN_FRAMEWORK_HEADER = YES;
				CLANG_WARN_RANGE_LOOP_ANALYSIS = YES;
				CLANG_WARN_STRICT_PROTOTYPES = YES;
				CLANG_WARN_SUSPICIOUS_MOVE = YES;
				CLANG_WARN_UNGUARDED_AVAILABILITY = YES_AGGRESSIVE;
				CLANG_WARN_UNREACHABLE_CODE = YES;
				CLANG_WARN__DUPLICATE_METHOD_MATCH = YES;
				COPY_PHASE_STRIP = NO;
				DEBUG_INFORMATION_FORMAT = dwarf;
				ENABLE_STRICT_OBJC_MSGSEND = YES;
				ENABLE_TESTABILITY = YES;
				ENABLE_USER_SCRIPT_SANDBOXING = YES;
				GCC_C_LANGUAGE_STANDARD = gnu17;
				GCC_DYNAMIC_NO_PIC = NO;
				GCC_NO_COMMON_BLOCKS = YES;
				GCC_OPTIMIZATION_LEVEL = 0;
				GCC_PREPROCESSOR_DEFINITIONS = (
					"DEBUG=1",
					"$(inherited)",
				);
				GCC_WARN_64_TO_32_BIT_CONVERSION = YES;
				GCC_WARN_ABOUT_RETURN_TYPE = YES_ERROR;
				GCC_WARN_UNDECLARED_SELECTOR = YES;
				GCC_WARN_UNINITIALIZED_AUTOS = YES_AGGRESSIVE;
				GCC_WARN_UNUSED_FUNCTION = YES;
				GCC_WARN_UNUSED_VARIABLE = YES;
				LOCALIZATION_PREFERS_STRING_CATALOGS = YES;
				MTL_ENABLE_DEBUG_INFO = INCLUDE_SOURCE;
				MTL_FAST_MATH = YES;
				ONLY_ACTIVE_ARCH = YES;
				SWIFT_ACTIVE_COMPILATION_CONDITIONS = "DEBUG $(inherited)";
				SWIFT_OPTIMIZATION_LEVEL = "-Onone";
			};
			name = Debug;
		};
		5B83F06A2DEC25CE00422A50 /* Release */ = {
			isa = XCBuildConfiguration;
			buildSettings = {
				ALWAYS_SEARCH_USER_PATHS = NO;
				ASSETCATALOG_COMPILER_GENERATE_SWIFT_ASSET_SYMBOL_EXTENSIONS = YES;
				CLANG_ANALYZER_NONNULL = YES;
				CLANG_ANALYZER_NUMBER_OBJECT_CONVERSION = YES_AGGRESSIVE;
				CLANG_CXX_LANGUAGE_STANDARD = "gnu++20";
				CLANG_ENABLE_MODULES = YES;
				CLANG_ENABLE_OBJC_ARC = YES;
				CLANG_ENABLE_OBJC_WEAK = YES;
				CLANG_WARN_BLOCK_CAPTURE_AUTORELEASING = YES;
				CLANG_WARN_BOOL_CONVERSION = YES;
				CLANG_WARN_COMMA = YES;
				CLANG_WARN_CONSTANT_CONVERSION = YES;
				CLANG_WARN_DEPRECATED_OBJC_IMPLEMENTATIONS = YES;
				CLANG_WARN_DIRECT_OBJC_ISA_USAGE = YES_ERROR;
				CLANG_WARN_DOCUMENTATION_COMMENTS = YES;
				CLANG_WARN_EMPTY_BODY = YES;
				CLANG_WARN_ENUM_CONVERSION = YES;
				CLANG_WARN_INFINITE_RECURSION = YES;
				CLANG_WARN_INT_CONVERSION = YES;
				CLANG_WARN_NON_LITERAL_NULL_CONVERSION = YES;
				CLANG_WARN_OBJC_IMPLICIT_RETAIN_SELF = YES;
				CLANG_WARN_OBJC_LITERAL_CONVERSION = YES;
				CLANG_WARN_OBJC_ROOT_CLASS = YES_ERROR;
				CLANG_WARN_QUOTED_INCLUDE_IN_FRAMEWORK_HEADER = YES;
				CLANG_WARN_RANGE_LOOP_ANALYSIS = YES;
				CLANG_WARN_STRICT_PROTOTYPES = YES;
				CLANG_WARN_SUSPICIOUS_MOVE = YES;
				CLANG_WARN_UNGUARDED_AVAILABILITY = YES_AGGRESSIVE;
				CLANG_WARN_UNREACHABLE_CODE = YES;
				CLANG_WARN__DUPLICATE_METHOD_MATCH = YES;
				COPY_PHASE_STRIP = NO;
				DEBUG_INFORMATION_FORMAT = "dwarf-with-dsym";
				ENABLE_NS_ASSERTIONS = NO;
				ENABLE_STRICT_OBJC_MSGSEND = YES;
				ENABLE_USER_SCRIPT_SANDBOXING = YES;
				GCC_C_LANGUAGE_STANDARD = gnu17;
				GCC_NO_COMMON_BLOCKS = YES;
				GCC_WARN_64_TO_32_BIT_CONVERSION = YES;
				GCC_WARN_ABOUT_RETURN_TYPE = YES_ERROR;
				GCC_WARN_UNDECLARED_SELECTOR = YES;
				GCC_WARN_UNINITIALIZED_AUTOS = YES_AGGRESSIVE;
				GCC_WARN_UNUSED_FUNCTION = YES;
				GCC_WARN_UNUSED_VARIABLE = YES;
				LOCALIZATION_PREFERS_STRING_CATALOGS = YES;
				MTL_ENABLE_DEBUG_INFO = NO;
				MTL_FAST_MATH = YES;
				SWIFT_COMPILATION_MODE = wholemodule;
			};
			name = Release;
		};
		5B83F06C2DEC25CE00422A50 /* Debug */ = {
			isa = XCBuildConfiguration;
			buildSettings = {
				ASSETCATALOG_COMPILER_APPICON_NAME = AppIcon;
				ASSETCATALOG_COMPILER_GLOBAL_ACCENT_COLOR_NAME = AccentColor;
				CODE_SIGN_ENTITLEMENTS = TravelGPT/TravelGPT.entitlements;
				CODE_SIGN_IDENTITY = "Apple Development";
				"CODE_SIGN_IDENTITY[sdk=iphoneos*]" = "iPhone Distribution";
				CODE_SIGN_STYLE = Manual;
				CURRENT_PROJECT_VERSION = 10;
				DEVELOPMENT_ASSET_PATHS = "\"TravelGPT/Preview Content\"";
				DEVELOPMENT_TEAM = "";
				"DEVELOPMENT_TEAM[sdk=iphoneos*]" = 68M2636STW;
				ENABLE_PREVIEWS = YES;
				GENERATE_INFOPLIST_FILE = YES;
				INFOPLIST_KEY_CFBundleURLTypes = "(\n\t\t\t\t\t{\n\t\t\t\t\t\tCFBundleURLName = \"com.argosventures.travelgpt.passwordreset\";\n\t\t\t\t\t\tCFBundleURLSchemes = (\n\t\t\t\t\t\t\t\"barkgpt\"\n\t\t\t\t\t\t);\n\t\t\t\t\t}\n\t\t\t\t)";
				"INFOPLIST_KEY_UIApplicationSceneManifest_Generation[sdk=iphoneos*]" = YES;
				"INFOPLIST_KEY_UIApplicationSceneManifest_Generation[sdk=iphonesimulator*]" = YES;
				"INFOPLIST_KEY_UIApplicationSupportsIndirectInputEvents[sdk=iphoneos*]" = YES;
				"INFOPLIST_KEY_UIApplicationSupportsIndirectInputEvents[sdk=iphonesimulator*]" = YES;
				"INFOPLIST_KEY_UILaunchScreen_Generation[sdk=iphoneos*]" = YES;
				"INFOPLIST_KEY_UILaunchScreen_Generation[sdk=iphonesimulator*]" = YES;
				"INFOPLIST_KEY_UIStatusBarStyle[sdk=iphoneos*]" = UIStatusBarStyleDefault;
				"INFOPLIST_KEY_UIStatusBarStyle[sdk=iphonesimulator*]" = UIStatusBarStyleDefault;
				INFOPLIST_KEY_UISupportedInterfaceOrientations_iPad = "UIInterfaceOrientationPortrait UIInterfaceOrientationPortraitUpsideDown UIInterfaceOrientationLandscapeLeft UIInterfaceOrientationLandscapeRight";
				INFOPLIST_KEY_UISupportedInterfaceOrientations_iPhone = "UIInterfaceOrientationPortrait UIInterfaceOrientationLandscapeLeft UIInterfaceOrientationLandscapeRight";
				IPHONEOS_DEPLOYMENT_TARGET = 18.1;
				LD_RUNPATH_SEARCH_PATHS = "@executable_path/Frameworks";
				"LD_RUNPATH_SEARCH_PATHS[sdk=macosx*]" = "@executable_path/../Frameworks";
				MACOSX_DEPLOYMENT_TARGET = 14.0;
				MARKETING_VERSION = 1.7;
				PRODUCT_BUNDLE_IDENTIFIER = com.argosventures.travelgpt;
				PRODUCT_NAME = "$(TARGET_NAME)";
				PROVISIONING_PROFILE_SPECIFIER = "";
				"PROVISIONING_PROFILE_SPECIFIER[sdk=iphoneos*]" = "Argos Ventures Prod";
				SDKROOT = auto;
				SUPPORTED_PLATFORMS = "iphoneos iphonesimulator macosx xros xrsimulator";
				SWIFT_EMIT_LOC_STRINGS = YES;
				SWIFT_VERSION = 5.0;
				TARGETED_DEVICE_FAMILY = "1,2,7";
				XROS_DEPLOYMENT_TARGET = 2.2;
			};
			name = Debug;
		};
		5B83F06D2DEC25CE00422A50 /* Release */ = {
			isa = XCBuildConfiguration;
			buildSettings = {
				ASSETCATALOG_COMPILER_APPICON_NAME = AppIcon;
				ASSETCATALOG_COMPILER_GLOBAL_ACCENT_COLOR_NAME = AccentColor;
				CODE_SIGN_ENTITLEMENTS = TravelGPT/TravelGPT.entitlements;
				CODE_SIGN_IDENTITY = "Apple Development";
				"CODE_SIGN_IDENTITY[sdk=iphoneos*]" = "iPhone Distribution";
				CODE_SIGN_STYLE = Manual;
				CURRENT_PROJECT_VERSION = 10;
				DEVELOPMENT_ASSET_PATHS = "\"TravelGPT/Preview Content\"";
				DEVELOPMENT_TEAM = "";
				"DEVELOPMENT_TEAM[sdk=iphoneos*]" = 68M2636STW;
				ENABLE_PREVIEWS = YES;
				GENERATE_INFOPLIST_FILE = YES;
				INFOPLIST_KEY_CFBundleURLTypes = "(\n\t\t\t\t\t{\n\t\t\t\t\t\tCFBundleURLName = \"com.argosventures.travelgpt.passwordreset\";\n\t\t\t\t\t\tCFBundleURLSchemes = (\n\t\t\t\t\t\t\t\"barkgpt\"\n\t\t\t\t\t\t);\n\t\t\t\t\t}\n\t\t\t\t)";
				"INFOPLIST_KEY_UIApplicationSceneManifest_Generation[sdk=iphoneos*]" = YES;
				"INFOPLIST_KEY_UIApplicationSceneManifest_Generation[sdk=iphonesimulator*]" = YES;
				"INFOPLIST_KEY_UIApplicationSupportsIndirectInputEvents[sdk=iphoneos*]" = YES;
				"INFOPLIST_KEY_UIApplicationSupportsIndirectInputEvents[sdk=iphonesimulator*]" = YES;
				"INFOPLIST_KEY_UILaunchScreen_Generation[sdk=iphoneos*]" = YES;
				"INFOPLIST_KEY_UILaunchScreen_Generation[sdk=iphonesimulator*]" = YES;
				"INFOPLIST_KEY_UIStatusBarStyle[sdk=iphoneos*]" = UIStatusBarStyleDefault;
				"INFOPLIST_KEY_UIStatusBarStyle[sdk=iphonesimulator*]" = UIStatusBarStyleDefault;
				INFOPLIST_KEY_UISupportedInterfaceOrientations_iPad = "UIInterfaceOrientationPortrait UIInterfaceOrientationPortraitUpsideDown UIInterfaceOrientationLandscapeLeft UIInterfaceOrientationLandscapeRight";
				INFOPLIST_KEY_UISupportedInterfaceOrientations_iPhone = "UIInterfaceOrientationPortrait UIInterfaceOrientationLandscapeLeft UIInterfaceOrientationLandscapeRight";
				IPHONEOS_DEPLOYMENT_TARGET = 18.1;
				LD_RUNPATH_SEARCH_PATHS = "@executable_path/Frameworks";
				"LD_RUNPATH_SEARCH_PATHS[sdk=macosx*]" = "@executable_path/../Frameworks";
				MACOSX_DEPLOYMENT_TARGET = 14.0;
				MARKETING_VERSION = 1.7;
				PRODUCT_BUNDLE_IDENTIFIER = com.argosventures.travelgpt;
				PRODUCT_NAME = "$(TARGET_NAME)";
				PROVISIONING_PROFILE_SPECIFIER = "";
				"PROVISIONING_PROFILE_SPECIFIER[sdk=iphoneos*]" = "Argos Ventures Prod";
				SDKROOT = auto;
				SUPPORTED_PLATFORMS = "iphoneos iphonesimulator macosx xros xrsimulator";
				SWIFT_EMIT_LOC_STRINGS = YES;
				SWIFT_VERSION = 5.0;
				TARGETED_DEVICE_FAMILY = "1,2,7";
				XROS_DEPLOYMENT_TARGET = 2.2;
			};
			name = Release;
		};
		5B83F06F2DEC25CE00422A50 /* Debug */ = {
			isa = XCBuildConfiguration;
			buildSettings = {
				BUNDLE_LOADER = "$(TEST_HOST)";
				CODE_SIGN_STYLE = Automatic;
				CURRENT_PROJECT_VERSION = 8;
				GENERATE_INFOPLIST_FILE = YES;
				IPHONEOS_DEPLOYMENT_TARGET = 18.2;
				MACOSX_DEPLOYMENT_TARGET = 15.2;
				MARKETING_VERSION = 1.0;
				PRODUCT_BUNDLE_IDENTIFIER = com.healthyeetz.TravelGPTTests;
				PRODUCT_NAME = "$(TARGET_NAME)";
				SDKROOT = auto;
				SUPPORTED_PLATFORMS = "iphoneos iphonesimulator macosx xros xrsimulator";
				SWIFT_EMIT_LOC_STRINGS = NO;
				SWIFT_VERSION = 5.0;
				TARGETED_DEVICE_FAMILY = "1,2,7";
				TEST_HOST = "$(BUILT_PRODUCTS_DIR)/TravelGPT.app/$(BUNDLE_EXECUTABLE_FOLDER_PATH)/TravelGPT";
				XROS_DEPLOYMENT_TARGET = 2.2;
			};
			name = Debug;
		};
		5B83F0702DEC25CE00422A50 /* Release */ = {
			isa = XCBuildConfiguration;
			buildSettings = {
				BUNDLE_LOADER = "$(TEST_HOST)";
				CODE_SIGN_STYLE = Automatic;
				CURRENT_PROJECT_VERSION = 8;
				GENERATE_INFOPLIST_FILE = YES;
				IPHONEOS_DEPLOYMENT_TARGET = 18.2;
				MACOSX_DEPLOYMENT_TARGET = 15.2;
				MARKETING_VERSION = 1.0;
				PRODUCT_BUNDLE_IDENTIFIER = com.healthyeetz.TravelGPTTests;
				PRODUCT_NAME = "$(TARGET_NAME)";
				SDKROOT = auto;
				SUPPORTED_PLATFORMS = "iphoneos iphonesimulator macosx xros xrsimulator";
				SWIFT_EMIT_LOC_STRINGS = NO;
				SWIFT_VERSION = 5.0;
				TARGETED_DEVICE_FAMILY = "1,2,7";
				TEST_HOST = "$(BUILT_PRODUCTS_DIR)/TravelGPT.app/$(BUNDLE_EXECUTABLE_FOLDER_PATH)/TravelGPT";
				XROS_DEPLOYMENT_TARGET = 2.2;
			};
			name = Release;
		};
		5B83F0722DEC25CE00422A50 /* Debug */ = {
			isa = XCBuildConfiguration;
			buildSettings = {
				CODE_SIGN_STYLE = Automatic;
				CURRENT_PROJECT_VERSION = 8;
				GENERATE_INFOPLIST_FILE = YES;
				IPHONEOS_DEPLOYMENT_TARGET = 18.2;
				MACOSX_DEPLOYMENT_TARGET = 15.2;
				MARKETING_VERSION = 1.0;
				PRODUCT_BUNDLE_IDENTIFIER = com.healthyeetz.TravelGPTUITests;
				PRODUCT_NAME = "$(TARGET_NAME)";
				SDKROOT = auto;
				SUPPORTED_PLATFORMS = "iphoneos iphonesimulator macosx xros xrsimulator";
				SWIFT_EMIT_LOC_STRINGS = NO;
				SWIFT_VERSION = 5.0;
				TARGETED_DEVICE_FAMILY = "1,2,7";
				TEST_TARGET_NAME = TravelGPT;
				XROS_DEPLOYMENT_TARGET = 2.2;
			};
			name = Debug;
		};
		5B83F0732DEC25CE00422A50 /* Release */ = {
			isa = XCBuildConfiguration;
			buildSettings = {
				CODE_SIGN_STYLE = Automatic;
				CURRENT_PROJECT_VERSION = 8;
				GENERATE_INFOPLIST_FILE = YES;
				IPHONEOS_DEPLOYMENT_TARGET = 18.2;
				MACOSX_DEPLOYMENT_TARGET = 15.2;
				MARKETING_VERSION = 1.0;
				PRODUCT_BUNDLE_IDENTIFIER = com.healthyeetz.TravelGPTUITests;
				PRODUCT_NAME = "$(TARGET_NAME)";
				SDKROOT = auto;
				SUPPORTED_PLATFORMS = "iphoneos iphonesimulator macosx xros xrsimulator";
				SWIFT_EMIT_LOC_STRINGS = NO;
				SWIFT_VERSION = 5.0;
				TARGETED_DEVICE_FAMILY = "1,2,7";
				TEST_TARGET_NAME = TravelGPT;
				XROS_DEPLOYMENT_TARGET = 2.2;
			};
			name = Release;
		};
/* End XCBuildConfiguration section */

/* Begin XCConfigurationList section */
		5B83F03F2DEC25CB00422A50 /* Build configuration list for PBXProject "TravelGPT" */ = {
			isa = XCConfigurationList;
			buildConfigurations = (
				5B83F0692DEC25CE00422A50 /* Debug */,
				5B83F06A2DEC25CE00422A50 /* Release */,
			);
			defaultConfigurationIsVisible = 0;
			defaultConfigurationName = Release;
		};
		5B83F06B2DEC25CE00422A50 /* Build configuration list for PBXNativeTarget "TravelGPT" */ = {
			isa = XCConfigurationList;
			buildConfigurations = (
				5B83F06C2DEC25CE00422A50 /* Debug */,
				5B83F06D2DEC25CE00422A50 /* Release */,
			);
			defaultConfigurationIsVisible = 0;
			defaultConfigurationName = Release;
		};
		5B83F06E2DEC25CE00422A50 /* Build configuration list for PBXNativeTarget "TravelGPTTests" */ = {
			isa = XCConfigurationList;
			buildConfigurations = (
				5B83F06F2DEC25CE00422A50 /* Debug */,
				5B83F0702DEC25CE00422A50 /* Release */,
			);
			defaultConfigurationIsVisible = 0;
			defaultConfigurationName = Release;
		};
		5B83F0712DEC25CE00422A50 /* Build configuration list for PBXNativeTarget "TravelGPTUITests" */ = {
			isa = XCConfigurationList;
			buildConfigurations = (
				5B83F0722DEC25CE00422A50 /* Debug */,
				5B83F0732DEC25CE00422A50 /* Release */,
			);
			defaultConfigurationIsVisible = 0;
			defaultConfigurationName = Release;
		};
/* End XCConfigurationList section */

/* Begin XCRemoteSwiftPackageReference section */
		5B7C9A132DF0D4C00078ACF9 /* XCRemoteSwiftPackageReference "aws-sdk-ios-spm" */ = {
			isa = XCRemoteSwiftPackageReference;
			repositoryURL = "https://github.com/aws-amplify/aws-sdk-ios-spm";
			requirement = {
				kind = upToNextMajorVersion;
				minimumVersion = 2.40.2;
			};
		};
/* End XCRemoteSwiftPackageReference section */

/* Begin XCSwiftPackageProductDependency section */
		5B7C9A142DF0D4C00078ACF9 /* AWSCore */ = {
			isa = XCSwiftPackageProductDependency;
			package = 5B7C9A132DF0D4C00078ACF9 /* XCRemoteSwiftPackageReference "aws-sdk-ios-spm" */;
			productName = AWSCore;
		};
		5B7C9A162DF0D4C00078ACF9 /* AWSS3 */ = {
			isa = XCSwiftPackageProductDependency;
			package = 5B7C9A132DF0D4C00078ACF9 /* XCRemoteSwiftPackageReference "aws-sdk-ios-spm" */;
			productName = AWSS3;
		};
/* End XCSwiftPackageProductDependency section */
	};
	rootObject = 5B83F03C2DEC25CB00422A50 /* Project object */;
}
